
Microsoft Visual Studio Solution File, Format Version 12.00
# Visual Studio Version 17
VisualStudioVersion = 17.14.36310.24 d17.14
MinimumVisualStudioVersion = 10.0.40219.1
Project("{FAE04EC0-301F-11D3-BF4B-00C04F79EFBC}") = "InterfaceDefaultImplementations", "InterfaceDefaultImplementations\InterfaceDefaultImplementations.csproj", "{85B3438E-4F88-4686-B377-BAEB9200EB14}"
EndProject
Global
	GlobalSection(SolutionConfigurationPlatforms) = preSolution
		Debug|Any CPU = Debug|Any CPU
		Release|Any CPU = Release|Any CPU
	EndGlobalSection
	GlobalSection(ProjectConfigurationPlatforms) = postSolution
		{85B3438E-4F88-4686-B377-BAEB9200EB14}.Debug|Any CPU.ActiveCfg = Debug|Any CPU
		{85B3438E-4F88-4686-B377-BAEB9200EB14}.Debug|Any CPU.Build.0 = Debug|Any CPU
		{85B3438E-4F88-4686-B377-BAEB9200EB14}.Release|Any CPU.ActiveCfg = Release|Any CPU
		{85B3438E-4F88-4686-B377-BAEB9200EB14}.Release|Any CPU.Build.0 = Release|Any CPU
	EndGlobalSection
	GlobalSection(SolutionProperties) = preSolution
		HideSolutionNode = FALSE
	EndGlobalSection
	GlobalSection(ExtensibilityGlobals) = postSolution
		SolutionGuid = {38A4E50D-D1B5-412F-9C00-F2BEF789130B}
	EndGlobalSection
EndGlobal
